
Microsoft Visual Studio Solution File, Format Version 12.00
# Visual Studio 14
VisualStudioVersion = 14.0.25420.1
MinimumVisualStudioVersion = 10.0.40219.1
Project("{FAE04EC0-301F-11D3-BF4B-00C04F79EFBC}") = "ASP.FTMS.API.Common", "ASP.FTMS.API.Common\ASP.FTMS.API.Common.csproj", "{35149687-C5EA-45BB-AAE5-1FA9F27D31DB}"
EndProject
Project("{FAE04EC0-301F-11D3-BF4B-00C04F79EFBC}") = "ASP.FTMS.API.Data", "ASP.FTMS.API.Data\ASP.FTMS.API.Data.csproj", "{EB7A92AA-7D04-4BBD-A8CF-753964E42DC2}"
EndProject
Project("{FAE04EC0-301F-11D3-BF4B-00C04F79EFBC}") = "ASP.FTMS.API.DataAccess", "ASP.FTMS.API.DataAccess\ASP.FTMS.API.DataAccess.csproj", "{430CAE13-F435-4665-ACA1-B0BF7C505754}"
EndProject
Project("{FAE04EC0-301F-11D3-BF4B-00C04F79EFBC}") = "ASP.FTMS.API.Utility", "ASP.FTMS.API.Utility\ASP.FTMS.API.Utility.csproj", "{0BAAE58F-248C-4C94-AE7A-E23706FE0D3C}"
EndProject
Project("{FAE04EC0-301F-11D3-BF4B-00C04F79EFBC}") = "ASP.FTMS.WebAPI", "ASP.FTMS.WebAPI\ASP.FTMS.WebAPI.csproj", "{4668FB7D-2FFD-441A-948D-AF344361CBB2}"
EndProject
Project("{FAE04EC0-301F-11D3-BF4B-00C04F79EFBC}") = "ASP.FTMS.WebAPI.Tests", "ASP.FTMS.WebAPI.Tests\ASP.FTMS.WebAPI.Tests.csproj", "{444FDDA3-4152-424B-B57E-4AB9ECCDCF3B}"
EndProject
Project("{FAE04EC0-301F-11D3-BF4B-00C04F79EFBC}") = "ASP.FTMS.Console", "ASP.FTMS.Console\ASP.FTMS.Console.csproj", "{5F428D46-B817-49D9-9EF4-1C0A32A1AA95}"
EndProject
Global
	GlobalSection(SolutionConfigurationPlatforms) = preSolution
		Debug|Any CPU = Debug|Any CPU
		Release|Any CPU = Release|Any CPU
	EndGlobalSection
	GlobalSection(ProjectConfigurationPlatforms) = postSolution
		{35149687-C5EA-45BB-AAE5-1FA9F27D31DB}.Debug|Any CPU.ActiveCfg = Debug|Any CPU
		{35149687-C5EA-45BB-AAE5-1FA9F27D31DB}.Debug|Any CPU.Build.0 = Debug|Any CPU
		{35149687-C5EA-45BB-AAE5-1FA9F27D31DB}.Release|Any CPU.ActiveCfg = Release|Any CPU
		{35149687-C5EA-45BB-AAE5-1FA9F27D31DB}.Release|Any CPU.Build.0 = Release|Any CPU
		{EB7A92AA-7D04-4BBD-A8CF-753964E42DC2}.Debug|Any CPU.ActiveCfg = Debug|Any CPU
		{EB7A92AA-7D04-4BBD-A8CF-753964E42DC2}.Debug|Any CPU.Build.0 = Debug|Any CPU
		{EB7A92AA-7D04-4BBD-A8CF-753964E42DC2}.Release|Any CPU.ActiveCfg = Release|Any CPU
		{EB7A92AA-7D04-4BBD-A8CF-753964E42DC2}.Release|Any CPU.Build.0 = Release|Any CPU
		{430CAE13-F435-4665-ACA1-B0BF7C505754}.Debug|Any CPU.ActiveCfg = Debug|Any CPU
		{430CAE13-F435-4665-ACA1-B0BF7C505754}.Debug|Any CPU.Build.0 = Debug|Any CPU
		{430CAE13-F435-4665-ACA1-B0BF7C505754}.Release|Any CPU.ActiveCfg = Release|Any CPU
		{430CAE13-F435-4665-ACA1-B0BF7C505754}.Release|Any CPU.Build.0 = Release|Any CPU
		{0BAAE58F-248C-4C94-AE7A-E23706FE0D3C}.Debug|Any CPU.ActiveCfg = Debug|Any CPU
		{0BAAE58F-248C-4C94-AE7A-E23706FE0D3C}.Debug|Any CPU.Build.0 = Debug|Any CPU
		{0BAAE58F-248C-4C94-AE7A-E23706FE0D3C}.Release|Any CPU.ActiveCfg = Release|Any CPU
		{0BAAE58F-248C-4C94-AE7A-E23706FE0D3C}.Release|Any CPU.Build.0 = Release|Any CPU
		{4668FB7D-2FFD-441A-948D-AF344361CBB2}.Debug|Any CPU.ActiveCfg = Debug|Any CPU
		{4668FB7D-2FFD-441A-948D-AF344361CBB2}.Debug|Any CPU.Build.0 = Debug|Any CPU
		{4668FB7D-2FFD-441A-948D-AF344361CBB2}.Release|Any CPU.ActiveCfg = Release|Any CPU
		{4668FB7D-2FFD-441A-948D-AF344361CBB2}.Release|Any CPU.Build.0 = Release|Any CPU
		{444FDDA3-4152-424B-B57E-4AB9ECCDCF3B}.Debug|Any CPU.ActiveCfg = Debug|Any CPU
		{444FDDA3-4152-424B-B57E-4AB9ECCDCF3B}.Debug|Any CPU.Build.0 = Debug|Any CPU
		{444FDDA3-4152-424B-B57E-4AB9ECCDCF3B}.Release|Any CPU.ActiveCfg = Release|Any CPU
		{444FDDA3-4152-424B-B57E-4AB9ECCDCF3B}.Release|Any CPU.Build.0 = Release|Any CPU
		{5F428D46-B817-49D9-9EF4-1C0A32A1AA95}.Debug|Any CPU.ActiveCfg = Debug|Any CPU
		{5F428D46-B817-49D9-9EF4-1C0A32A1AA95}.Debug|Any CPU.Build.0 = Debug|Any CPU
		{5F428D46-B817-49D9-9EF4-1C0A32A1AA95}.Release|Any CPU.ActiveCfg = Release|Any CPU
		{5F428D46-B817-49D9-9EF4-1C0A32A1AA95}.Release|Any CPU.Build.0 = Release|Any CPU
	EndGlobalSection
	GlobalSection(SolutionProperties) = preSolution
		HideSolutionNode = FALSE
	EndGlobalSection
EndGlobal
